# @generated by Move, please check-in and do not edit manually.

[move]
version = 3
manifest_digest = "A6D937F057BEDF316AD61528B0F1C6977BAC6E734AB544EB593529FE5600D20F"
deps_digest = "F8BBB0CCB2491CA29A3DF03D6F92277A4F3574266507ACD77214D37ECA3F3082"
dependencies = [
  { id = "Sui", name = "Sui" },
]

[[move.package]]
id = "MoveStdlib"
source = { git = "https://github.com/MystenLabs/sui.git", rev = "framework/testnet", subdir = "crates/sui-framework/packages/move-stdlib" }

[[move.package]]
id = "Sui"
source = { git = "https://github.com/MystenLabs/sui.git", rev = "framework/testnet", subdir = "crates/sui-framework/packages/sui-framework" }

dependencies = [
  { id = "MoveStdlib", name = "MoveStdlib" },
]

[move.toolchain-version]
compiler-version = "1.51.1"
edition = "2024.beta"
flavor = "sui"

[env]

[env.testnet]
chain-id = "4c78adac"
original-published-id = "0x575348849c64fb12930867f182ca9cb580b903f6f899fab5b6a507de9a840ebb"
latest-published-id = "0x575348849c64fb12930867f182ca9cb580b903f6f899fab5b6a507de9a840ebb"
published-version = "1"
